
Microsoft Visual Studio Solution File, Format Version 12.00
# Visual Studio Version 16
VisualStudioVersion = 16.0.31829.152
MinimumVisualStudioVersion = 10.0.40219.1
Project("{2150E333-8FDC-42A3-9474-1A3956D46DE8}") = "1.ServiceInvocation", "1.ServiceInvocation", "{D066D38C-2782-481A-B3DD-504F10E46ABB}"
EndProject
Project("{2150E333-8FDC-42A3-9474-1A3956D46DE8}") = "2.StateManagement", "2.StateManagement", "{3F293232-2B0E-4734-89D2-DBC5BB33C516}"
EndProject
Project("{9A19103F-16F7-4668-BE54-9A1E7A4F7556}") = "Caller", "1.ServiceInvocation\Caller\Caller.csproj", "{3656000C-BE06-4710-A051-0A37BF65AFE8}"
EndProject
Project("{9A19103F-16F7-4668-BE54-9A1E7A4F7556}") = "StateManagementDemo", "2.StateManagement\StateManagementDemo\StateManagementDemo.csproj", "{68BF0873-541F-4AD3-980F-7224B51C29FB}"
EndProject
Project("{9A19103F-16F7-4668-BE54-9A1E7A4F7556}") = "WebApi", "1.ServiceInvocation\WebApi\WebApi.csproj", "{4626F741-56E4-459B-B6CC-E0E49E5EEA36}"
EndProject
Project("{9A19103F-16F7-4668-BE54-9A1E7A4F7556}") = "DeviceTrace", "DeviceTrace\DeviceTrace.csproj", "{10A71D8C-0233-4742-9C6C-B84B72FA2EB4}"
EndProject
Project("{2150E333-8FDC-42A3-9474-1A3956D46DE8}") = "3.PublishAndSubscribe", "3.PublishAndSubscribe", "{ECF53484-6DAB-4468-96D3-39E8AEB339D9}"
EndProject
Project("{9A19103F-16F7-4668-BE54-9A1E7A4F7556}") = "Publisher", "3.PublishAndSubscribe\Publisher\Publisher.csproj", "{D30585E6-8330-4652-9F6F-85A375A8265A}"
EndProject
Project("{9A19103F-16F7-4668-BE54-9A1E7A4F7556}") = "Subscriber", "3.PublishAndSubscribe\Subscriber\Subscriber.csproj", "{97C9BFA9-5BB1-4FFE-A17C-EE2DC3EA3F59}"
EndProject
Global
	GlobalSection(SolutionConfigurationPlatforms) = preSolution
		Debug|Any CPU = Debug|Any CPU
		Release|Any CPU = Release|Any CPU
	EndGlobalSection
	GlobalSection(ProjectConfigurationPlatforms) = postSolution
		{3656000C-BE06-4710-A051-0A37BF65AFE8}.Debug|Any CPU.ActiveCfg = Debug|Any CPU
		{3656000C-BE06-4710-A051-0A37BF65AFE8}.Debug|Any CPU.Build.0 = Debug|Any CPU
		{3656000C-BE06-4710-A051-0A37BF65AFE8}.Release|Any CPU.ActiveCfg = Release|Any CPU
		{3656000C-BE06-4710-A051-0A37BF65AFE8}.Release|Any CPU.Build.0 = Release|Any CPU
		{68BF0873-541F-4AD3-980F-7224B51C29FB}.Debug|Any CPU.ActiveCfg = Debug|Any CPU
		{68BF0873-541F-4AD3-980F-7224B51C29FB}.Debug|Any CPU.Build.0 = Debug|Any CPU
		{68BF0873-541F-4AD3-980F-7224B51C29FB}.Release|Any CPU.ActiveCfg = Release|Any CPU
		{68BF0873-541F-4AD3-980F-7224B51C29FB}.Release|Any CPU.Build.0 = Release|Any CPU
		{4626F741-56E4-459B-B6CC-E0E49E5EEA36}.Debug|Any CPU.ActiveCfg = Debug|Any CPU
		{4626F741-56E4-459B-B6CC-E0E49E5EEA36}.Debug|Any CPU.Build.0 = Debug|Any CPU
		{4626F741-56E4-459B-B6CC-E0E49E5EEA36}.Release|Any CPU.ActiveCfg = Release|Any CPU
		{4626F741-56E4-459B-B6CC-E0E49E5EEA36}.Release|Any CPU.Build.0 = Release|Any CPU
		{10A71D8C-0233-4742-9C6C-B84B72FA2EB4}.Debug|Any CPU.ActiveCfg = Debug|Any CPU
		{10A71D8C-0233-4742-9C6C-B84B72FA2EB4}.Debug|Any CPU.Build.0 = Debug|Any CPU
		{10A71D8C-0233-4742-9C6C-B84B72FA2EB4}.Release|Any CPU.ActiveCfg = Release|Any CPU
		{10A71D8C-0233-4742-9C6C-B84B72FA2EB4}.Release|Any CPU.Build.0 = Release|Any CPU
		{D30585E6-8330-4652-9F6F-85A375A8265A}.Debug|Any CPU.ActiveCfg = Debug|Any CPU
		{D30585E6-8330-4652-9F6F-85A375A8265A}.Debug|Any CPU.Build.0 = Debug|Any CPU
		{D30585E6-8330-4652-9F6F-85A375A8265A}.Release|Any CPU.ActiveCfg = Release|Any CPU
		{D30585E6-8330-4652-9F6F-85A375A8265A}.Release|Any CPU.Build.0 = Release|Any CPU
		{97C9BFA9-5BB1-4FFE-A17C-EE2DC3EA3F59}.Debug|Any CPU.ActiveCfg = Debug|Any CPU
		{97C9BFA9-5BB1-4FFE-A17C-EE2DC3EA3F59}.Debug|Any CPU.Build.0 = Debug|Any CPU
		{97C9BFA9-5BB1-4FFE-A17C-EE2DC3EA3F59}.Release|Any CPU.ActiveCfg = Release|Any CPU
		{97C9BFA9-5BB1-4FFE-A17C-EE2DC3EA3F59}.Release|Any CPU.Build.0 = Release|Any CPU
	EndGlobalSection
	GlobalSection(SolutionProperties) = preSolution
		HideSolutionNode = FALSE
	EndGlobalSection
	GlobalSection(NestedProjects) = preSolution
		{3656000C-BE06-4710-A051-0A37BF65AFE8} = {D066D38C-2782-481A-B3DD-504F10E46ABB}
		{68BF0873-541F-4AD3-980F-7224B51C29FB} = {3F293232-2B0E-4734-89D2-DBC5BB33C516}
		{4626F741-56E4-459B-B6CC-E0E49E5EEA36} = {D066D38C-2782-481A-B3DD-504F10E46ABB}
		{D30585E6-8330-4652-9F6F-85A375A8265A} = {ECF53484-6DAB-4468-96D3-39E8AEB339D9}
		{97C9BFA9-5BB1-4FFE-A17C-EE2DC3EA3F59} = {ECF53484-6DAB-4468-96D3-39E8AEB339D9}
	EndGlobalSection
	GlobalSection(ExtensibilityGlobals) = postSolution
		SolutionGuid = {52EF1B25-9BA4-4FDB-A7F7-240C76FF52E5}
	EndGlobalSection
EndGlobal
